
Microsoft Visual Studio Solution File, Format Version 12.00
# Visual Studio Version 17
VisualStudioVersion = 17.6.33723.286
MinimumVisualStudioVersion = 10.0.40219.1
Project("{8BC9CEB8-8B4A-11D0-8D11-00A0C91BC942}") = "Term-Document_Matrix", "Term-Document_Matrix\Term-Document_Matrix.vcxproj", "{5856F21B-1F14-48AE-9490-B83950E4B31F}"
EndProject
Global
	GlobalSection(SolutionConfigurationPlatforms) = preSolution
		Debug|x64 = Debug|x64
		Debug|x86 = Debug|x86
		Release|x64 = Release|x64
		Release|x86 = Release|x86
	EndGlobalSection
	GlobalSection(ProjectConfigurationPlatforms) = postSolution
		{5856F21B-1F14-48AE-9490-B83950E4B31F}.Debug|x64.ActiveCfg = Debug|x64
		{5856F21B-1F14-48AE-9490-B83950E4B31F}.Debug|x64.Build.0 = Debug|x64
		{5856F21B-1F14-48AE-9490-B83950E4B31F}.Debug|x86.ActiveCfg = Debug|Win32
		{5856F21B-1F14-48AE-9490-B83950E4B31F}.Debug|x86.Build.0 = Debug|Win32
		{5856F21B-1F14-48AE-9490-B83950E4B31F}.Release|x64.ActiveCfg = Release|x64
		{5856F21B-1F14-48AE-9490-B83950E4B31F}.Release|x64.Build.0 = Release|x64
		{5856F21B-1F14-48AE-9490-B83950E4B31F}.Release|x86.ActiveCfg = Release|Win32
		{5856F21B-1F14-48AE-9490-B83950E4B31F}.Release|x86.Build.0 = Release|Win32
	EndGlobalSection
	GlobalSection(SolutionProperties) = preSolution
		HideSolutionNode = FALSE
	EndGlobalSection
	GlobalSection(ExtensibilityGlobals) = postSolution
		SolutionGuid = {4E751063-AB65-4BA0-AFA2-FB2F33B97E2A}
	EndGlobalSection
EndGlobal
