
Microsoft Visual Studio Solution File, Format Version 12.00
# Visual Studio Version 17
VisualStudioVersion = 17.6.33723.286
MinimumVisualStudioVersion = 10.0.40219.1
Project("{8BC9CEB8-8B4A-11D0-8D11-00A0C91BC942}") = "BFS_Graph", "BFS_Graph\BFS_Graph.vcxproj", "{64E6B78C-0EF1-4BCD-9260-03B78FF34F6C}"
EndProject
Global
	GlobalSection(SolutionConfigurationPlatforms) = preSolution
		Debug|x64 = Debug|x64
		Debug|x86 = Debug|x86
		Release|x64 = Release|x64
		Release|x86 = Release|x86
	EndGlobalSection
	GlobalSection(ProjectConfigurationPlatforms) = postSolution
		{64E6B78C-0EF1-4BCD-9260-03B78FF34F6C}.Debug|x64.ActiveCfg = Debug|x64
		{64E6B78C-0EF1-4BCD-9260-03B78FF34F6C}.Debug|x64.Build.0 = Debug|x64
		{64E6B78C-0EF1-4BCD-9260-03B78FF34F6C}.Debug|x86.ActiveCfg = Debug|Win32
		{64E6B78C-0EF1-4BCD-9260-03B78FF34F6C}.Debug|x86.Build.0 = Debug|Win32
		{64E6B78C-0EF1-4BCD-9260-03B78FF34F6C}.Release|x64.ActiveCfg = Release|x64
		{64E6B78C-0EF1-4BCD-9260-03B78FF34F6C}.Release|x64.Build.0 = Release|x64
		{64E6B78C-0EF1-4BCD-9260-03B78FF34F6C}.Release|x86.ActiveCfg = Release|Win32
		{64E6B78C-0EF1-4BCD-9260-03B78FF34F6C}.Release|x86.Build.0 = Release|Win32
	EndGlobalSection
	GlobalSection(SolutionProperties) = preSolution
		HideSolutionNode = FALSE
	EndGlobalSection
	GlobalSection(ExtensibilityGlobals) = postSolution
		SolutionGuid = {C9786B63-733C-43A4-8973-CFB48E1C49EF}
	EndGlobalSection
EndGlobal
